{
    "name": "USGame",
    "version": "1.0.0",
    "lockfileVersion": 1,
    "requires": true,
    "dependencies": {
        "cordova-plugin-screen-orientation": {
            "version": "3.0.1",
            "resolved": "https://registry.npmjs.org/cordova-plugin-screen-orientation/-/cordova-plugin-screen-orientation-3.0.1.tgz",
            "integrity": "sha1-daNXzik4CB6PYdRgU5S213Rjwfg="
        },
        "es6-promise-plugin": {
            "version": "4.2.2",
            "resolved": "https://registry.npmjs.org/es6-promise-plugin/-/es6-promise-plugin-4.2.2.tgz",
            "integrity": "sha512-uoA4aVplXI9oqUYJFBAVRwAqIN9/n9JgrTAUGX3qPbnSZVE5yY1+6/MsoN5f4xsaPO62WjPHOdtts6okMN6tNA=="
        },
        "eventemitter3": {
            "version": "3.1.0",
            "resolved": "https://registry.npmjs.org/eventemitter3/-/eventemitter3-3.1.0.tgz",
            "integrity": "sha512-ivIvhpq/Y0uSjcHDcOIccjmYjGLcP09MFGE7ysAwkAvkXfpZlC985pH2/ui64DKazbTW/4kN3yqozUxlXzI6cA=="
        },
        "phaser": {
            "version": "3.15.1",
            "resolved": "https://registry.npmjs.org/phaser/-/phaser-3.15.1.tgz",
            "integrity": "sha512-K2IaBziSW6OFyIkIFyJgBSi+kL1yip3gbL6TBsjzesJqLxP3o5+NwfPf6fqrQ4yxBYbbuKP2da5lsh5LFw7jXA==",
            "requires": {
                "eventemitter3": "^3.1.0"
            }
        },
        "phaser3-project-template": {
            "version": "1.0.9",
            "resolved": "https://registry.npmjs.org/phaser3-project-template/-/phaser3-project-template-1.0.9.tgz",
            "integrity": "sha1-LjcGrYyrmeviglDjCgHet6eZzhc=",
            "requires": {
                "phaser": "^3.3.0"
            }
        }
    }
}
